
Microsoft Visual Studio Solution File, Format Version 12.00
# Visual Studio Version 17
VisualStudioVersion = 17.1.32210.238
MinimumVisualStudioVersion = 10.0.40219.1
Project("{2150E333-8FDC-42A3-9474-1A3956D46DE8}") = "Curriculum", "Curriculum", "{9848E611-E7DF-444E-BF6F-A0ED4EDA183B}"
EndProject
Project("{9A19103F-16F7-4668-BE54-9A1E7A4F7556}") = "CurriculumService", "CurriculumService\CurriculumService.csproj", "{721B962B-311E-43F4-A9CF-015BDDE001A7}"
EndProject
Project("{9A19103F-16F7-4668-BE54-9A1E7A4F7556}") = "CurriculumEntites", "Curriculum.Entites\CurriculumEntites.csproj", "{6595884F-08E5-4FFF-8933-BB3DDC9DAA44}"
EndProject
Project("{2150E333-8FDC-42A3-9474-1A3956D46DE8}") = "Gateway", "Gateway", "{584906C6-F101-4D1D-930D-623A03598739}"
EndProject
Project("{9A19103F-16F7-4668-BE54-9A1E7A4F7556}") = "ServicesGateway", "ServicesGateway\ServicesGateway.csproj", "{C481B342-DDC0-455A-8BC0-CE8A54590B21}"
EndProject
Project("{2150E333-8FDC-42A3-9474-1A3956D46DE8}") = "Authentication", "Authentication", "{1B03C6E8-48D0-4D52-B3C5-243192721C59}"
EndProject
Project("{9A19103F-16F7-4668-BE54-9A1E7A4F7556}") = "IdentityService", "AuthenticationService\IdentityService.csproj", "{C76C57AD-56AF-4872-ABAA-F9427F59A2DD}"
EndProject
Project("{9A19103F-16F7-4668-BE54-9A1E7A4F7556}") = "IdentityEntities", "IdentityEntities\IdentityEntities.csproj", "{550506E2-F29E-462F-9B71-F924D3BFA5CB}"
EndProject
Project("{9A19103F-16F7-4668-BE54-9A1E7A4F7556}") = "IdentityDomain", "IdentityDomain\IdentityDomain.csproj", "{BC415C2F-87EB-44A8-85DE-5410FED1E991}"
EndProject
Project("{9A19103F-16F7-4668-BE54-9A1E7A4F7556}") = "IdentityInfrastructure", "IdentityInfrastructure\IdentityInfrastructure.csproj", "{40F17FD5-B32B-4498-81EC-127CF0D9D211}"
EndProject
Project("{9A19103F-16F7-4668-BE54-9A1E7A4F7556}") = "CurriculumDomain", "CurriculumDomain\CurriculumDomain.csproj", "{4A552E4B-8A1D-488E-B36C-A465A7DFAE7B}"
EndProject
Project("{9A19103F-16F7-4668-BE54-9A1E7A4F7556}") = "CurriculumInfrastructure", "CurriculumInfrastructure\CurriculumInfrastructure.csproj", "{EAA266EC-04A9-4C41-88F4-6EFD90B414C3}"
EndProject
Project("{2150E333-8FDC-42A3-9474-1A3956D46DE8}") = "IdentityTransactions", "IdentityTransactions", "{40CAAB97-6492-46E9-BD97-7C28FF74FC48}"
EndProject
Project("{9A19103F-16F7-4668-BE54-9A1E7A4F7556}") = "TransactionEntites", "TransactionEntites\TransactionEntites.csproj", "{B8D4422A-F328-49C7-85B7-F2E07AE7ED76}"
EndProject
Project("{9A19103F-16F7-4668-BE54-9A1E7A4F7556}") = "TransactionService", "TransactionService\TransactionService.csproj", "{3FBF2A19-4868-4050-A7F5-C32A427A0897}"
EndProject
Project("{FAE04EC0-301F-11D3-BF4B-00C04F79EFBC}") = "TransactionDomain", "TransactionDomain\TransactionDomain.csproj", "{926BB0B4-E50A-470A-A30D-4F3B13E7A83A}"
EndProject
Project("{FAE04EC0-301F-11D3-BF4B-00C04F79EFBC}") = "TransactionInfrastructure", "TransactionInfrastructure\TransactionInfrastructure.csproj", "{845AAA31-BA69-4EA5-9897-5240103027E1}"
EndProject
Global
	GlobalSection(SolutionConfigurationPlatforms) = preSolution
		Debug|Any CPU = Debug|Any CPU
		Release|Any CPU = Release|Any CPU
	EndGlobalSection
	GlobalSection(ProjectConfigurationPlatforms) = postSolution
		{721B962B-311E-43F4-A9CF-015BDDE001A7}.Debug|Any CPU.ActiveCfg = Debug|Any CPU
		{721B962B-311E-43F4-A9CF-015BDDE001A7}.Debug|Any CPU.Build.0 = Debug|Any CPU
		{721B962B-311E-43F4-A9CF-015BDDE001A7}.Release|Any CPU.ActiveCfg = Release|Any CPU
		{721B962B-311E-43F4-A9CF-015BDDE001A7}.Release|Any CPU.Build.0 = Release|Any CPU
		{6595884F-08E5-4FFF-8933-BB3DDC9DAA44}.Debug|Any CPU.ActiveCfg = Debug|Any CPU
		{6595884F-08E5-4FFF-8933-BB3DDC9DAA44}.Debug|Any CPU.Build.0 = Debug|Any CPU
		{6595884F-08E5-4FFF-8933-BB3DDC9DAA44}.Release|Any CPU.ActiveCfg = Release|Any CPU
		{6595884F-08E5-4FFF-8933-BB3DDC9DAA44}.Release|Any CPU.Build.0 = Release|Any CPU
		{C481B342-DDC0-455A-8BC0-CE8A54590B21}.Debug|Any CPU.ActiveCfg = Debug|Any CPU
		{C481B342-DDC0-455A-8BC0-CE8A54590B21}.Debug|Any CPU.Build.0 = Debug|Any CPU
		{C481B342-DDC0-455A-8BC0-CE8A54590B21}.Release|Any CPU.ActiveCfg = Release|Any CPU
		{C481B342-DDC0-455A-8BC0-CE8A54590B21}.Release|Any CPU.Build.0 = Release|Any CPU
		{C76C57AD-56AF-4872-ABAA-F9427F59A2DD}.Debug|Any CPU.ActiveCfg = Debug|Any CPU
		{C76C57AD-56AF-4872-ABAA-F9427F59A2DD}.Debug|Any CPU.Build.0 = Debug|Any CPU
		{C76C57AD-56AF-4872-ABAA-F9427F59A2DD}.Release|Any CPU.ActiveCfg = Release|Any CPU
		{C76C57AD-56AF-4872-ABAA-F9427F59A2DD}.Release|Any CPU.Build.0 = Release|Any CPU
		{550506E2-F29E-462F-9B71-F924D3BFA5CB}.Debug|Any CPU.ActiveCfg = Debug|Any CPU
		{550506E2-F29E-462F-9B71-F924D3BFA5CB}.Debug|Any CPU.Build.0 = Debug|Any CPU
		{550506E2-F29E-462F-9B71-F924D3BFA5CB}.Release|Any CPU.ActiveCfg = Release|Any CPU
		{550506E2-F29E-462F-9B71-F924D3BFA5CB}.Release|Any CPU.Build.0 = Release|Any CPU
		{BC415C2F-87EB-44A8-85DE-5410FED1E991}.Debug|Any CPU.ActiveCfg = Debug|Any CPU
		{BC415C2F-87EB-44A8-85DE-5410FED1E991}.Debug|Any CPU.Build.0 = Debug|Any CPU
		{BC415C2F-87EB-44A8-85DE-5410FED1E991}.Release|Any CPU.ActiveCfg = Release|Any CPU
		{BC415C2F-87EB-44A8-85DE-5410FED1E991}.Release|Any CPU.Build.0 = Release|Any CPU
		{40F17FD5-B32B-4498-81EC-127CF0D9D211}.Debug|Any CPU.ActiveCfg = Debug|Any CPU
		{40F17FD5-B32B-4498-81EC-127CF0D9D211}.Debug|Any CPU.Build.0 = Debug|Any CPU
		{40F17FD5-B32B-4498-81EC-127CF0D9D211}.Release|Any CPU.ActiveCfg = Release|Any CPU
		{40F17FD5-B32B-4498-81EC-127CF0D9D211}.Release|Any CPU.Build.0 = Release|Any CPU
		{4A552E4B-8A1D-488E-B36C-A465A7DFAE7B}.Debug|Any CPU.ActiveCfg = Debug|Any CPU
		{4A552E4B-8A1D-488E-B36C-A465A7DFAE7B}.Debug|Any CPU.Build.0 = Debug|Any CPU
		{4A552E4B-8A1D-488E-B36C-A465A7DFAE7B}.Release|Any CPU.ActiveCfg = Release|Any CPU
		{4A552E4B-8A1D-488E-B36C-A465A7DFAE7B}.Release|Any CPU.Build.0 = Release|Any CPU
		{EAA266EC-04A9-4C41-88F4-6EFD90B414C3}.Debug|Any CPU.ActiveCfg = Debug|Any CPU
		{EAA266EC-04A9-4C41-88F4-6EFD90B414C3}.Debug|Any CPU.Build.0 = Debug|Any CPU
		{EAA266EC-04A9-4C41-88F4-6EFD90B414C3}.Release|Any CPU.ActiveCfg = Release|Any CPU
		{EAA266EC-04A9-4C41-88F4-6EFD90B414C3}.Release|Any CPU.Build.0 = Release|Any CPU
		{B8D4422A-F328-49C7-85B7-F2E07AE7ED76}.Debug|Any CPU.ActiveCfg = Debug|Any CPU
		{B8D4422A-F328-49C7-85B7-F2E07AE7ED76}.Debug|Any CPU.Build.0 = Debug|Any CPU
		{B8D4422A-F328-49C7-85B7-F2E07AE7ED76}.Release|Any CPU.ActiveCfg = Release|Any CPU
		{B8D4422A-F328-49C7-85B7-F2E07AE7ED76}.Release|Any CPU.Build.0 = Release|Any CPU
		{3FBF2A19-4868-4050-A7F5-C32A427A0897}.Debug|Any CPU.ActiveCfg = Debug|Any CPU
		{3FBF2A19-4868-4050-A7F5-C32A427A0897}.Debug|Any CPU.Build.0 = Debug|Any CPU
		{3FBF2A19-4868-4050-A7F5-C32A427A0897}.Release|Any CPU.ActiveCfg = Release|Any CPU
		{3FBF2A19-4868-4050-A7F5-C32A427A0897}.Release|Any CPU.Build.0 = Release|Any CPU
		{926BB0B4-E50A-470A-A30D-4F3B13E7A83A}.Debug|Any CPU.ActiveCfg = Debug|Any CPU
		{926BB0B4-E50A-470A-A30D-4F3B13E7A83A}.Debug|Any CPU.Build.0 = Debug|Any CPU
		{926BB0B4-E50A-470A-A30D-4F3B13E7A83A}.Release|Any CPU.ActiveCfg = Release|Any CPU
		{926BB0B4-E50A-470A-A30D-4F3B13E7A83A}.Release|Any CPU.Build.0 = Release|Any CPU
		{845AAA31-BA69-4EA5-9897-5240103027E1}.Debug|Any CPU.ActiveCfg = Debug|Any CPU
		{845AAA31-BA69-4EA5-9897-5240103027E1}.Debug|Any CPU.Build.0 = Debug|Any CPU
		{845AAA31-BA69-4EA5-9897-5240103027E1}.Release|Any CPU.ActiveCfg = Release|Any CPU
		{845AAA31-BA69-4EA5-9897-5240103027E1}.Release|Any CPU.Build.0 = Release|Any CPU
	EndGlobalSection
	GlobalSection(SolutionProperties) = preSolution
		HideSolutionNode = FALSE
	EndGlobalSection
	GlobalSection(NestedProjects) = preSolution
		{721B962B-311E-43F4-A9CF-015BDDE001A7} = {9848E611-E7DF-444E-BF6F-A0ED4EDA183B}
		{6595884F-08E5-4FFF-8933-BB3DDC9DAA44} = {9848E611-E7DF-444E-BF6F-A0ED4EDA183B}
		{C481B342-DDC0-455A-8BC0-CE8A54590B21} = {584906C6-F101-4D1D-930D-623A03598739}
		{C76C57AD-56AF-4872-ABAA-F9427F59A2DD} = {1B03C6E8-48D0-4D52-B3C5-243192721C59}
		{550506E2-F29E-462F-9B71-F924D3BFA5CB} = {1B03C6E8-48D0-4D52-B3C5-243192721C59}
		{BC415C2F-87EB-44A8-85DE-5410FED1E991} = {1B03C6E8-48D0-4D52-B3C5-243192721C59}
		{40F17FD5-B32B-4498-81EC-127CF0D9D211} = {1B03C6E8-48D0-4D52-B3C5-243192721C59}
		{4A552E4B-8A1D-488E-B36C-A465A7DFAE7B} = {9848E611-E7DF-444E-BF6F-A0ED4EDA183B}
		{EAA266EC-04A9-4C41-88F4-6EFD90B414C3} = {9848E611-E7DF-444E-BF6F-A0ED4EDA183B}
		{B8D4422A-F328-49C7-85B7-F2E07AE7ED76} = {40CAAB97-6492-46E9-BD97-7C28FF74FC48}
		{3FBF2A19-4868-4050-A7F5-C32A427A0897} = {40CAAB97-6492-46E9-BD97-7C28FF74FC48}
		{926BB0B4-E50A-470A-A30D-4F3B13E7A83A} = {40CAAB97-6492-46E9-BD97-7C28FF74FC48}
		{845AAA31-BA69-4EA5-9897-5240103027E1} = {40CAAB97-6492-46E9-BD97-7C28FF74FC48}
	EndGlobalSection
	GlobalSection(ExtensibilityGlobals) = postSolution
		SolutionGuid = {8721899C-27A7-4570-AC43-AF954EDC1AC9}
	EndGlobalSection
EndGlobal
